
Microsoft Visual Studio Solution File, Format Version 12.00
Project("{FAE04EC0-301F-11D3-BF4B-00C04F79EFBC}") = "BlazorSecretManager", "src/BlazorSecretManager.csproj", "{3CD10DAC-303C-4FC5-97AF-375966188D3A}"
EndProject
Project("{FAE04EC0-301F-11D3-BF4B-00C04F79EFBC}") = "SecretManagerTestConsole", "test\SecretManagerTestConsole\SecretManagerTestConsole.csproj", "{B5B14309-10BD-4A43-8609-63310C35A05C}"
EndProject
Project("{FAE04EC0-301F-11D3-BF4B-00C04F79EFBC}") = "MudComposite", "..\MudComposite\src\MudComposite\MudComposite.csproj", "{00D0A449-B327-45C2-8142-B6D2CE8B7774}"
EndProject
Global
	GlobalSection(SolutionConfigurationPlatforms) = preSolution
		Debug|Any CPU = Debug|Any CPU
		Release|Any CPU = Release|Any CPU
	EndGlobalSection
	GlobalSection(ProjectConfigurationPlatforms) = postSolution
		{3CD10DAC-303C-4FC5-97AF-375966188D3A}.Debug|Any CPU.ActiveCfg = Debug|Any CPU
		{3CD10DAC-303C-4FC5-97AF-375966188D3A}.Debug|Any CPU.Build.0 = Debug|Any CPU
		{3CD10DAC-303C-4FC5-97AF-375966188D3A}.Release|Any CPU.ActiveCfg = Release|Any CPU
		{3CD10DAC-303C-4FC5-97AF-375966188D3A}.Release|Any CPU.Build.0 = Release|Any CPU
		{B5B14309-10BD-4A43-8609-63310C35A05C}.Debug|Any CPU.ActiveCfg = Debug|Any CPU
		{B5B14309-10BD-4A43-8609-63310C35A05C}.Debug|Any CPU.Build.0 = Debug|Any CPU
		{B5B14309-10BD-4A43-8609-63310C35A05C}.Release|Any CPU.ActiveCfg = Release|Any CPU
		{B5B14309-10BD-4A43-8609-63310C35A05C}.Release|Any CPU.Build.0 = Release|Any CPU
		{00D0A449-B327-45C2-8142-B6D2CE8B7774}.Debug|Any CPU.ActiveCfg = Debug|Any CPU
		{00D0A449-B327-45C2-8142-B6D2CE8B7774}.Debug|Any CPU.Build.0 = Debug|Any CPU
		{00D0A449-B327-45C2-8142-B6D2CE8B7774}.Release|Any CPU.ActiveCfg = Release|Any CPU
		{00D0A449-B327-45C2-8142-B6D2CE8B7774}.Release|Any CPU.Build.0 = Release|Any CPU
	EndGlobalSection
EndGlobal
